# This file is generated by running "yarn install" inside your project.
# Manual changes might be lost - proceed with caution!

__metadata:
  version: 6
  cacheKey: 8

"@rescript/react@npm:~0.11.0":
  version: 0.11.0
  resolution: "@rescript/react@npm:0.11.0"
  peerDependencies:
    react: ">=18.0.0"
    react-dom: ">=18.0.0"
  checksum: c399d114f7081dca56b200c377dc4896f7c4e7ec092a73f6b42aadffd7b3b146a462009139e71c834db5989331777ffd57bbcef2adfb165104510aa5c60c9ada
  languageName: node
  linkType: hard

"jsxv3@workspace:JSXv3":
  version: 0.0.0-use.local
  resolution: "jsxv3@workspace:JSXv3"
  dependencies:
    "@rescript/react": ~0.11.0
    rescript: ~10.1.2
  languageName: unknown
  linkType: soft

"jsxv4@workspace:JSXv4":
  version: 0.0.0-use.local
  resolution: "jsxv4@workspace:JSXv4"
  dependencies:
    "@rescript/react": ~0.11.0
    rescript: 10.1.2
  languageName: unknown
  linkType: soft

"rescript-10.1-gentype-bug@workspace:.":
  version: 0.0.0-use.local
  resolution: "rescript-10.1-gentype-bug@workspace:."
  languageName: unknown
  linkType: soft

"rescript@npm:10.1.2, rescript@npm:~10.1.2":
  version: 10.1.2
  resolution: "rescript@npm:10.1.2"
  bin:
    bsc: bsc
    bsrefmt: bsrefmt
    bstracing: lib/bstracing
    rescript: rescript
  checksum: e70ae09da103bb32b589a6e0b48b607a7e359421b1f1bf087900942a272d7576fb4681534f9a990db4e67c0c1b20f10928ce1efc505e09964c43fac4908df99c
  languageName: node
  linkType: hard
